
Microsoft Visual Studio Solution File, Format Version 12.00
# Visual Studio Version 16
VisualStudioVersion = 25.0.1705.0
MinimumVisualStudioVersion = 10.0.40219.1
Project("{FAE04EC0-301F-11D3-BF4B-00C04F79EFBC}") = "RazorPizzeria2", "RazorPizzeria2\RazorPizzeria2.csproj", "{AD18CE11-9507-4DF3-9112-2DFE5FA79487}"
EndProject
Global
	GlobalSection(SolutionConfigurationPlatforms) = preSolution
		Debug|Any CPU = Debug|Any CPU
		Release|Any CPU = Release|Any CPU
	EndGlobalSection
	GlobalSection(ProjectConfigurationPlatforms) = postSolution
		{AD18CE11-9507-4DF3-9112-2DFE5FA79487}.Debug|Any CPU.ActiveCfg = Debug|Any CPU
		{AD18CE11-9507-4DF3-9112-2DFE5FA79487}.Debug|Any CPU.Build.0 = Debug|Any CPU
		{AD18CE11-9507-4DF3-9112-2DFE5FA79487}.Release|Any CPU.ActiveCfg = Release|Any CPU
		{AD18CE11-9507-4DF3-9112-2DFE5FA79487}.Release|Any CPU.Build.0 = Release|Any CPU
	EndGlobalSection
	GlobalSection(SolutionProperties) = preSolution
		HideSolutionNode = FALSE
	EndGlobalSection
	GlobalSection(ExtensibilityGlobals) = postSolution
		SolutionGuid = {E2C2A7A7-440A-4143-B25B-6C1728B1A2B6}
	EndGlobalSection
EndGlobal
